
Microsoft Visual Studio Solution File, Format Version 12.00
# Visual Studio 15
VisualStudioVersion = 15.0.28307.168
MinimumVisualStudioVersion = 10.0.40219.1
Project("{FAE04EC0-301F-11D3-BF4B-00C04F79EFBC}") = "Yandex.Detector.Tests", "Yandex.Detector.Tests\Yandex.Detector.Tests.csproj", "{01221BB5-F026-4C9E-968E-47EF6F03CCF9}"
EndProject
Project("{FAE04EC0-301F-11D3-BF4B-00C04F79EFBC}") = "Yandex.Detector.Universal", "Yandex.Detector.Universal\Yandex.Detector.Universal.csproj", "{AE220D95-1916-4CD4-83CF-8C1D4861E434}"
EndProject
Project("{FAE04EC0-301F-11D3-BF4B-00C04F79EFBC}") = "Yandex.Detector.4.5.2", "Yandex.Detector.4.5.2\Yandex.Detector.4.5.2.csproj", "{85FBA177-A43F-488F-B0C3-3B0BD910C8A9}"
EndProject
Project("{9A19103F-16F7-4668-BE54-9A1E7A4F7556}") = "Yandex.Detector.Standard", "Yandex.Detector.Standard\Yandex.Detector.Standard.csproj", "{546DBDAA-62CE-484F-895E-4C26FD7693AE}"
EndProject
Project("{FAE04EC0-301F-11D3-BF4B-00C04F79EFBC}") = "Yandex.Detector.4.6.2", "Yandex.Detector.4.6.2\Yandex.Detector.4.6.2.csproj", "{6A88F56C-DB68-40C4-A514-4C22DC6E0C15}"
EndProject
Project("{FAE04EC0-301F-11D3-BF4B-00C04F79EFBC}") = "Yandex.Detector.4.7.2", "Yandex.Detector.4.7.2\Yandex.Detector.4.7.2.csproj", "{52933384-7ADC-405F-9179-DFB1EF8CADCB}"
EndProject
Project("{FAE04EC0-301F-11D3-BF4B-00C04F79EFBC}") = "Yandex.Detector.Core", "Yandex.Detector.Core\Yandex.Detector.Core.csproj", "{DB2F6FB8-0B04-44D3-950D-98549F62256C}"
EndProject
Global
	GlobalSection(SolutionConfigurationPlatforms) = preSolution
		Debug|Any CPU = Debug|Any CPU
		Debug|ARM = Debug|ARM
		Debug|x64 = Debug|x64
		Debug|x86 = Debug|x86
		Release|Any CPU = Release|Any CPU
		Release|ARM = Release|ARM
		Release|x64 = Release|x64
		Release|x86 = Release|x86
	EndGlobalSection
	GlobalSection(ProjectConfigurationPlatforms) = postSolution
		{01221BB5-F026-4C9E-968E-47EF6F03CCF9}.Debug|Any CPU.ActiveCfg = Debug|Any CPU
		{01221BB5-F026-4C9E-968E-47EF6F03CCF9}.Debug|Any CPU.Build.0 = Debug|Any CPU
		{01221BB5-F026-4C9E-968E-47EF6F03CCF9}.Debug|ARM.ActiveCfg = Debug|Any CPU
		{01221BB5-F026-4C9E-968E-47EF6F03CCF9}.Debug|ARM.Build.0 = Debug|Any CPU
		{01221BB5-F026-4C9E-968E-47EF6F03CCF9}.Debug|x64.ActiveCfg = Debug|Any CPU
		{01221BB5-F026-4C9E-968E-47EF6F03CCF9}.Debug|x64.Build.0 = Debug|Any CPU
		{01221BB5-F026-4C9E-968E-47EF6F03CCF9}.Debug|x86.ActiveCfg = Debug|Any CPU
		{01221BB5-F026-4C9E-968E-47EF6F03CCF9}.Debug|x86.Build.0 = Debug|Any CPU
		{01221BB5-F026-4C9E-968E-47EF6F03CCF9}.Release|Any CPU.ActiveCfg = Release|Any CPU
		{01221BB5-F026-4C9E-968E-47EF6F03CCF9}.Release|Any CPU.Build.0 = Release|Any CPU
		{01221BB5-F026-4C9E-968E-47EF6F03CCF9}.Release|ARM.ActiveCfg = Release|Any CPU
		{01221BB5-F026-4C9E-968E-47EF6F03CCF9}.Release|ARM.Build.0 = Release|Any CPU
		{01221BB5-F026-4C9E-968E-47EF6F03CCF9}.Release|x64.ActiveCfg = Release|Any CPU
		{01221BB5-F026-4C9E-968E-47EF6F03CCF9}.Release|x64.Build.0 = Release|Any CPU
		{01221BB5-F026-4C9E-968E-47EF6F03CCF9}.Release|x86.ActiveCfg = Release|Any CPU
		{01221BB5-F026-4C9E-968E-47EF6F03CCF9}.Release|x86.Build.0 = Release|Any CPU
		{AE220D95-1916-4CD4-83CF-8C1D4861E434}.Debug|Any CPU.ActiveCfg = Debug|Any CPU
		{AE220D95-1916-4CD4-83CF-8C1D4861E434}.Debug|Any CPU.Build.0 = Debug|Any CPU
		{AE220D95-1916-4CD4-83CF-8C1D4861E434}.Debug|ARM.ActiveCfg = Debug|ARM
		{AE220D95-1916-4CD4-83CF-8C1D4861E434}.Debug|ARM.Build.0 = Debug|ARM
		{AE220D95-1916-4CD4-83CF-8C1D4861E434}.Debug|x64.ActiveCfg = Debug|x64
		{AE220D95-1916-4CD4-83CF-8C1D4861E434}.Debug|x64.Build.0 = Debug|x64
		{AE220D95-1916-4CD4-83CF-8C1D4861E434}.Debug|x86.ActiveCfg = Debug|x86
		{AE220D95-1916-4CD4-83CF-8C1D4861E434}.Debug|x86.Build.0 = Debug|x86
		{AE220D95-1916-4CD4-83CF-8C1D4861E434}.Release|Any CPU.ActiveCfg = Release|Any CPU
		{AE220D95-1916-4CD4-83CF-8C1D4861E434}.Release|Any CPU.Build.0 = Release|Any CPU
		{AE220D95-1916-4CD4-83CF-8C1D4861E434}.Release|ARM.ActiveCfg = Release|ARM
		{AE220D95-1916-4CD4-83CF-8C1D4861E434}.Release|ARM.Build.0 = Release|ARM
		{AE220D95-1916-4CD4-83CF-8C1D4861E434}.Release|x64.ActiveCfg = Release|x64
		{AE220D95-1916-4CD4-83CF-8C1D4861E434}.Release|x64.Build.0 = Release|x64
		{AE220D95-1916-4CD4-83CF-8C1D4861E434}.Release|x86.ActiveCfg = Release|x86
		{AE220D95-1916-4CD4-83CF-8C1D4861E434}.Release|x86.Build.0 = Release|x86
		{85FBA177-A43F-488F-B0C3-3B0BD910C8A9}.Debug|Any CPU.ActiveCfg = Debug|Any CPU
		{85FBA177-A43F-488F-B0C3-3B0BD910C8A9}.Debug|Any CPU.Build.0 = Debug|Any CPU
		{85FBA177-A43F-488F-B0C3-3B0BD910C8A9}.Debug|ARM.ActiveCfg = Debug|Any CPU
		{85FBA177-A43F-488F-B0C3-3B0BD910C8A9}.Debug|ARM.Build.0 = Debug|Any CPU
		{85FBA177-A43F-488F-B0C3-3B0BD910C8A9}.Debug|x64.ActiveCfg = Debug|Any CPU
		{85FBA177-A43F-488F-B0C3-3B0BD910C8A9}.Debug|x64.Build.0 = Debug|Any CPU
		{85FBA177-A43F-488F-B0C3-3B0BD910C8A9}.Debug|x86.ActiveCfg = Debug|Any CPU
		{85FBA177-A43F-488F-B0C3-3B0BD910C8A9}.Debug|x86.Build.0 = Debug|Any CPU
		{85FBA177-A43F-488F-B0C3-3B0BD910C8A9}.Release|Any CPU.ActiveCfg = Release|Any CPU
		{85FBA177-A43F-488F-B0C3-3B0BD910C8A9}.Release|Any CPU.Build.0 = Release|Any CPU
		{85FBA177-A43F-488F-B0C3-3B0BD910C8A9}.Release|ARM.ActiveCfg = Release|Any CPU
		{85FBA177-A43F-488F-B0C3-3B0BD910C8A9}.Release|ARM.Build.0 = Release|Any CPU
		{85FBA177-A43F-488F-B0C3-3B0BD910C8A9}.Release|x64.ActiveCfg = Release|Any CPU
		{85FBA177-A43F-488F-B0C3-3B0BD910C8A9}.Release|x64.Build.0 = Release|Any CPU
		{85FBA177-A43F-488F-B0C3-3B0BD910C8A9}.Release|x86.ActiveCfg = Release|Any CPU
		{85FBA177-A43F-488F-B0C3-3B0BD910C8A9}.Release|x86.Build.0 = Release|Any CPU
		{546DBDAA-62CE-484F-895E-4C26FD7693AE}.Debug|Any CPU.ActiveCfg = Debug|Any CPU
		{546DBDAA-62CE-484F-895E-4C26FD7693AE}.Debug|Any CPU.Build.0 = Debug|Any CPU
		{546DBDAA-62CE-484F-895E-4C26FD7693AE}.Debug|ARM.ActiveCfg = Debug|Any CPU
		{546DBDAA-62CE-484F-895E-4C26FD7693AE}.Debug|ARM.Build.0 = Debug|Any CPU
		{546DBDAA-62CE-484F-895E-4C26FD7693AE}.Debug|x64.ActiveCfg = Debug|Any CPU
		{546DBDAA-62CE-484F-895E-4C26FD7693AE}.Debug|x64.Build.0 = Debug|Any CPU
		{546DBDAA-62CE-484F-895E-4C26FD7693AE}.Debug|x86.ActiveCfg = Debug|Any CPU
		{546DBDAA-62CE-484F-895E-4C26FD7693AE}.Debug|x86.Build.0 = Debug|Any CPU
		{546DBDAA-62CE-484F-895E-4C26FD7693AE}.Release|Any CPU.ActiveCfg = Release|Any CPU
		{546DBDAA-62CE-484F-895E-4C26FD7693AE}.Release|Any CPU.Build.0 = Release|Any CPU
		{546DBDAA-62CE-484F-895E-4C26FD7693AE}.Release|ARM.ActiveCfg = Release|Any CPU
		{546DBDAA-62CE-484F-895E-4C26FD7693AE}.Release|ARM.Build.0 = Release|Any CPU
		{546DBDAA-62CE-484F-895E-4C26FD7693AE}.Release|x64.ActiveCfg = Release|Any CPU
		{546DBDAA-62CE-484F-895E-4C26FD7693AE}.Release|x64.Build.0 = Release|Any CPU
		{546DBDAA-62CE-484F-895E-4C26FD7693AE}.Release|x86.ActiveCfg = Release|Any CPU
		{546DBDAA-62CE-484F-895E-4C26FD7693AE}.Release|x86.Build.0 = Release|Any CPU
		{6A88F56C-DB68-40C4-A514-4C22DC6E0C15}.Debug|Any CPU.ActiveCfg = Debug|Any CPU
		{6A88F56C-DB68-40C4-A514-4C22DC6E0C15}.Debug|Any CPU.Build.0 = Debug|Any CPU
		{6A88F56C-DB68-40C4-A514-4C22DC6E0C15}.Debug|ARM.ActiveCfg = Debug|Any CPU
		{6A88F56C-DB68-40C4-A514-4C22DC6E0C15}.Debug|ARM.Build.0 = Debug|Any CPU
		{6A88F56C-DB68-40C4-A514-4C22DC6E0C15}.Debug|x64.ActiveCfg = Debug|Any CPU
		{6A88F56C-DB68-40C4-A514-4C22DC6E0C15}.Debug|x64.Build.0 = Debug|Any CPU
		{6A88F56C-DB68-40C4-A514-4C22DC6E0C15}.Debug|x86.ActiveCfg = Debug|Any CPU
		{6A88F56C-DB68-40C4-A514-4C22DC6E0C15}.Debug|x86.Build.0 = Debug|Any CPU
		{6A88F56C-DB68-40C4-A514-4C22DC6E0C15}.Release|Any CPU.ActiveCfg = Release|Any CPU
		{6A88F56C-DB68-40C4-A514-4C22DC6E0C15}.Release|Any CPU.Build.0 = Release|Any CPU
		{6A88F56C-DB68-40C4-A514-4C22DC6E0C15}.Release|ARM.ActiveCfg = Release|Any CPU
		{6A88F56C-DB68-40C4-A514-4C22DC6E0C15}.Release|ARM.Build.0 = Release|Any CPU
		{6A88F56C-DB68-40C4-A514-4C22DC6E0C15}.Release|x64.ActiveCfg = Release|Any CPU
		{6A88F56C-DB68-40C4-A514-4C22DC6E0C15}.Release|x64.Build.0 = Release|Any CPU
		{6A88F56C-DB68-40C4-A514-4C22DC6E0C15}.Release|x86.ActiveCfg = Release|Any CPU
		{6A88F56C-DB68-40C4-A514-4C22DC6E0C15}.Release|x86.Build.0 = Release|Any CPU
		{52933384-7ADC-405F-9179-DFB1EF8CADCB}.Debug|Any CPU.ActiveCfg = Debug|Any CPU
		{52933384-7ADC-405F-9179-DFB1EF8CADCB}.Debug|Any CPU.Build.0 = Debug|Any CPU
		{52933384-7ADC-405F-9179-DFB1EF8CADCB}.Debug|ARM.ActiveCfg = Debug|Any CPU
		{52933384-7ADC-405F-9179-DFB1EF8CADCB}.Debug|ARM.Build.0 = Debug|Any CPU
		{52933384-7ADC-405F-9179-DFB1EF8CADCB}.Debug|x64.ActiveCfg = Debug|Any CPU
		{52933384-7ADC-405F-9179-DFB1EF8CADCB}.Debug|x64.Build.0 = Debug|Any CPU
		{52933384-7ADC-405F-9179-DFB1EF8CADCB}.Debug|x86.ActiveCfg = Debug|Any CPU
		{52933384-7ADC-405F-9179-DFB1EF8CADCB}.Debug|x86.Build.0 = Debug|Any CPU
		{52933384-7ADC-405F-9179-DFB1EF8CADCB}.Release|Any CPU.ActiveCfg = Release|Any CPU
		{52933384-7ADC-405F-9179-DFB1EF8CADCB}.Release|Any CPU.Build.0 = Release|Any CPU
		{52933384-7ADC-405F-9179-DFB1EF8CADCB}.Release|ARM.ActiveCfg = Release|Any CPU
		{52933384-7ADC-405F-9179-DFB1EF8CADCB}.Release|ARM.Build.0 = Release|Any CPU
		{52933384-7ADC-405F-9179-DFB1EF8CADCB}.Release|x64.ActiveCfg = Release|Any CPU
		{52933384-7ADC-405F-9179-DFB1EF8CADCB}.Release|x64.Build.0 = Release|Any CPU
		{52933384-7ADC-405F-9179-DFB1EF8CADCB}.Release|x86.ActiveCfg = Release|Any CPU
		{52933384-7ADC-405F-9179-DFB1EF8CADCB}.Release|x86.Build.0 = Release|Any CPU
		{DB2F6FB8-0B04-44D3-950D-98549F62256C}.Debug|Any CPU.ActiveCfg = Debug|Any CPU
		{DB2F6FB8-0B04-44D3-950D-98549F62256C}.Debug|Any CPU.Build.0 = Debug|Any CPU
		{DB2F6FB8-0B04-44D3-950D-98549F62256C}.Debug|ARM.ActiveCfg = Debug|Any CPU
		{DB2F6FB8-0B04-44D3-950D-98549F62256C}.Debug|ARM.Build.0 = Debug|Any CPU
		{DB2F6FB8-0B04-44D3-950D-98549F62256C}.Debug|x64.ActiveCfg = Debug|Any CPU
		{DB2F6FB8-0B04-44D3-950D-98549F62256C}.Debug|x64.Build.0 = Debug|Any CPU
		{DB2F6FB8-0B04-44D3-950D-98549F62256C}.Debug|x86.ActiveCfg = Debug|Any CPU
		{DB2F6FB8-0B04-44D3-950D-98549F62256C}.Debug|x86.Build.0 = Debug|Any CPU
		{DB2F6FB8-0B04-44D3-950D-98549F62256C}.Release|Any CPU.ActiveCfg = Release|Any CPU
		{DB2F6FB8-0B04-44D3-950D-98549F62256C}.Release|Any CPU.Build.0 = Release|Any CPU
		{DB2F6FB8-0B04-44D3-950D-98549F62256C}.Release|ARM.ActiveCfg = Release|Any CPU
		{DB2F6FB8-0B04-44D3-950D-98549F62256C}.Release|ARM.Build.0 = Release|Any CPU
		{DB2F6FB8-0B04-44D3-950D-98549F62256C}.Release|x64.ActiveCfg = Release|Any CPU
		{DB2F6FB8-0B04-44D3-950D-98549F62256C}.Release|x64.Build.0 = Release|Any CPU
		{DB2F6FB8-0B04-44D3-950D-98549F62256C}.Release|x86.ActiveCfg = Release|Any CPU
		{DB2F6FB8-0B04-44D3-950D-98549F62256C}.Release|x86.Build.0 = Release|Any CPU
	EndGlobalSection
	GlobalSection(SolutionProperties) = preSolution
		HideSolutionNode = FALSE
	EndGlobalSection
	GlobalSection(ExtensibilityGlobals) = postSolution
		SolutionGuid = {0D181F40-FDDF-41FE-8321-F177DD073302}
	EndGlobalSection
EndGlobal
